// !$*UTF8*$!
{
	archiveVersion = 1;
	classes = {
	};
	objectVersion = 46;
	objects = {

/* Begin PBXBuildFile section */
		110E6FAB1AF10B5D002DFFB7 /* LeftViewController.m in Sources */ = {isa = PBXBuildFile; fileRef = 110E6FA91AF10B5D002DFFB7 /* LeftViewController.m */; settings = {COMPILER_FLAGS = "-fno-objc-arc"; }; };
		110E6FAC1AF10B5D002DFFB7 /* LeftViewController.xib in Resources */ = {isa = PBXBuildFile; fileRef = 110E6FAA1AF10B5D002DFFB7 /* LeftViewController.xib */; };
		110E6FB01AF10C89002DFFB7 /* RightViewController.m in Sources */ = {isa = PBXBuildFile; fileRef = 110E6FAE1AF10C89002DFFB7 /* RightViewController.m */; settings = {COMPILER_FLAGS = "-fno-objc-arc"; }; };
		110E6FB11AF10C89002DFFB7 /* RightViewController.xib in Resources */ = {isa = PBXBuildFile; fileRef = 110E6FAF1AF10C89002DFFB7 /* RightViewController.xib */; };
		317A669A1AEC8EB7004F85BB /* main.m in Sources */ = {isa = PBXBuildFile; fileRef = 317A66991AEC8EB7004F85BB /* main.m */; };
		317A669D1AEC8EB7004F85BB /* AppDelegate.m in Sources */ = {isa = PBXBuildFile; fileRef = 317A669C1AEC8EB7004F85BB /* AppDelegate.m */; settings = {COMPILER_FLAGS = "-fno-objc-arc"; }; };
		317A66A51AEC8EB7004F85BB /* Images.xcassets in Resources */ = {isa = PBXBuildFile; fileRef = 317A66A41AEC8EB7004F85BB /* Images.xcassets */; };
		317A66B41AEC8EB7004F85BB /* suuweiboTests.m in Sources */ = {isa = PBXBuildFile; fileRef = 317A66B31AEC8EB7004F85BB /* suuweiboTests.m */; };
		317A66C21AEC92D2004F85BB /* UIUtils.m in Sources */ = {isa = PBXBuildFile; fileRef = 317A66BF1AEC92D2004F85BB /* UIUtils.m */; settings = {COMPILER_FLAGS = "-fno-objc-arc"; }; };
		317A66C31AEC92D2004F85BB /* UIViewExt.m in Sources */ = {isa = PBXBuildFile; fileRef = 317A66C11AEC92D2004F85BB /* UIViewExt.m */; settings = {COMPILER_FLAGS = "-fno-objc-arc"; }; };
		317A66C61AEC9314004F85BB /* WXHLGlobalUICommon.m in Sources */ = {isa = PBXBuildFile; fileRef = 317A66C51AEC9314004F85BB /* WXHLGlobalUICommon.m */; settings = {COMPILER_FLAGS = "-fno-objc-arc"; }; };
		317A66CA1AEC9437004F85BB /* BaseModel.m in Sources */ = {isa = PBXBuildFile; fileRef = 317A66C91AEC9437004F85BB /* BaseModel.m */; settings = {COMPILER_FLAGS = "-fno-objc-arc"; }; };
		317A66D11AEC946E004F85BB /* DDMenuController.m in Sources */ = {isa = PBXBuildFile; fileRef = 317A66CD1AEC946E004F85BB /* DDMenuController.m */; settings = {COMPILER_FLAGS = "-fno-objc-arc"; }; };
		317A66D21AEC946E004F85BB /* RTLabel.m in Sources */ = {isa = PBXBuildFile; fileRef = 317A66D01AEC946E004F85BB /* RTLabel.m */; settings = {COMPILER_FLAGS = "-fno-objc-arc"; }; };
		317A66E21AEC9479004F85BB /* SDImageCache.m in Sources */ = {isa = PBXBuildFile; fileRef = 317A66D51AEC9479004F85BB /* SDImageCache.m */; settings = {COMPILER_FLAGS = "-fno-objc-arc"; }; };
		317A66E31AEC9479004F85BB /* SDWebImageDownloader.m in Sources */ = {isa = PBXBuildFile; fileRef = 317A66D91AEC9479004F85BB /* SDWebImageDownloader.m */; settings = {COMPILER_FLAGS = "-fno-objc-arc"; }; };
		317A66E41AEC9479004F85BB /* SDWebImageManager.m in Sources */ = {isa = PBXBuildFile; fileRef = 317A66DC1AEC9479004F85BB /* SDWebImageManager.m */; settings = {COMPILER_FLAGS = "-fno-objc-arc"; }; };
		317A66E51AEC9479004F85BB /* UIButton+WebCache.m in Sources */ = {isa = PBXBuildFile; fileRef = 317A66DF1AEC9479004F85BB /* UIButton+WebCache.m */; settings = {COMPILER_FLAGS = "-fno-objc-arc"; }; };
		317A66E61AEC9479004F85BB /* UIImageView+WebCache.m in Sources */ = {isa = PBXBuildFile; fileRef = 317A66E11AEC9479004F85BB /* UIImageView+WebCache.m */; settings = {COMPILER_FLAGS = "-fno-objc-arc"; }; };
		317A66E91AEC94C4004F85BB /* CustomCatagory.m in Sources */ = {isa = PBXBuildFile; fileRef = 317A66E81AEC94C4004F85BB /* CustomCatagory.m */; settings = {COMPILER_FLAGS = "-fno-objc-arc"; }; };
		317A66EB1AEC9609004F85BB /* CoreGraphics.framework in Frameworks */ = {isa = PBXBuildFile; fileRef = 317A66EA1AEC9609004F85BB /* CoreGraphics.framework */; };
		317A66ED1AEC962B004F85BB /* Foundation.framework in Frameworks */ = {isa = PBXBuildFile; fileRef = 317A66EC1AEC962B004F85BB /* Foundation.framework */; };
		317A66EF1AEC9653004F85BB /* QuartzCore.framework in Frameworks */ = {isa = PBXBuildFile; fileRef = 317A66EE1AEC9653004F85BB /* QuartzCore.framework */; };
		317A66F11AEC965F004F85BB /* UIKit.framework in Frameworks */ = {isa = PBXBuildFile; fileRef = 317A66F01AEC965F004F85BB /* UIKit.framework */; };
		317A66F81AECB711004F85BB /* CoreText.framework in Frameworks */ = {isa = PBXBuildFile; fileRef = 317A66F71AECB711004F85BB /* CoreText.framework */; };
		317A66FB1AECBB48004F85BB /* MainViewController.m in Sources */ = {isa = PBXBuildFile; fileRef = 317A66FA1AECBB48004F85BB /* MainViewController.m */; settings = {COMPILER_FLAGS = "-fno-objc-arc"; }; };
		317A66FF1AECBCEB004F85BB /* BaseViewController.m in Sources */ = {isa = PBXBuildFile; fileRef = 317A66FE1AECBCEB004F85BB /* BaseViewController.m */; settings = {COMPILER_FLAGS = "-fno-objc-arc"; }; };
		317A67021AECBD7B004F85BB /* BaseNavigationController.m in Sources */ = {isa = PBXBuildFile; fileRef = 317A67011AECBD7B004F85BB /* BaseNavigationController.m */; settings = {COMPILER_FLAGS = "-fno-objc-arc"; }; };
		317A670B1AECBEFA004F85BB /* HomeViewController.m in Sources */ = {isa = PBXBuildFile; fileRef = 317A67091AECBEFA004F85BB /* HomeViewController.m */; settings = {COMPILER_FLAGS = "-fno-objc-arc"; }; };
		317A670C1AECBEFA004F85BB /* HomeViewController.xib in Resources */ = {isa = PBXBuildFile; fileRef = 317A670A1AECBEFA004F85BB /* HomeViewController.xib */; };
		317A67101AECC015004F85BB /* MessageViewController.m in Sources */ = {isa = PBXBuildFile; fileRef = 317A670E1AECC015004F85BB /* MessageViewController.m */; settings = {COMPILER_FLAGS = "-fno-objc-arc"; }; };
		317A67111AECC015004F85BB /* MessageViewController.xib in Resources */ = {isa = PBXBuildFile; fileRef = 317A670F1AECC015004F85BB /* MessageViewController.xib */; };
		317A67151AECC079004F85BB /* ProfileViewController.m in Sources */ = {isa = PBXBuildFile; fileRef = 317A67131AECC079004F85BB /* ProfileViewController.m */; settings = {COMPILER_FLAGS = "-fno-objc-arc"; }; };
		317A67161AECC079004F85BB /* ProfileViewController.xib in Resources */ = {isa = PBXBuildFile; fileRef = 317A67141AECC079004F85BB /* ProfileViewController.xib */; };
		317A671A1AECC245004F85BB /* DiscoverViewController.m in Sources */ = {isa = PBXBuildFile; fileRef = 317A67181AECC245004F85BB /* DiscoverViewController.m */; settings = {COMPILER_FLAGS = "-fno-objc-arc"; }; };
		317A671B1AECC245004F85BB /* DiscoverViewController.xib in Resources */ = {isa = PBXBuildFile; fileRef = 317A67191AECC245004F85BB /* DiscoverViewController.xib */; };
		317A671F1AECC28B004F85BB /* MoreViewController.m in Sources */ = {isa = PBXBuildFile; fileRef = 317A671D1AECC28B004F85BB /* MoreViewController.m */; settings = {COMPILER_FLAGS = "-fno-objc-arc"; }; };
		317A67201AECC28B004F85BB /* MoreViewController.xib in Resources */ = {isa = PBXBuildFile; fileRef = 317A671E1AECC28B004F85BB /* MoreViewController.xib */; };
		31BB9AB11AF5D0C700C30416 /* libWeiboSDK.a in Resources */ = {isa = PBXBuildFile; fileRef = E665C3021AF39364002D8F20 /* libWeiboSDK.a */; };
		31BB9AB31AF5DD6100C30416 /* CFNetwork.framework in Frameworks */ = {isa = PBXBuildFile; fileRef = 31BB9AB21AF5DD6100C30416 /* CFNetwork.framework */; };
		31BB9AB51AF5DD8C00C30416 /* Security.framework in Frameworks */ = {isa = PBXBuildFile; fileRef = 31BB9AB41AF5DD8C00C30416 /* Security.framework */; };
		31BB9AB71AF5DD9300C30416 /* SystemConfiguration.framework in Frameworks */ = {isa = PBXBuildFile; fileRef = 31BB9AB61AF5DD9300C30416 /* SystemConfiguration.framework */; };
		31BB9ABE1AF62E3900C30416 /* ImageIO.framework in Frameworks */ = {isa = PBXBuildFile; fileRef = 31BB9ABD1AF62E3900C30416 /* ImageIO.framework */; };
		31BB9AC01AF62E5300C30416 /* CoreTelephony.framework in Frameworks */ = {isa = PBXBuildFile; fileRef = 31BB9ABF1AF62E5300C30416 /* CoreTelephony.framework */; };
		E62B2D931B00750D00E5322E /* WeiboCell.m in Sources */ = {isa = PBXBuildFile; fileRef = E62B2D921B00750D00E5322E /* WeiboCell.m */; settings = {COMPILER_FLAGS = "-fno-objc-arc"; }; };
		E62B2D961B00754F00E5322E /* WeiboView.m in Sources */ = {isa = PBXBuildFile; fileRef = E62B2D951B00754F00E5322E /* WeiboView.m */; settings = {COMPILER_FLAGS = "-fno-objc-arc"; }; };
		E62B2D9B1B04484300E5322E /* RegexKitLite.html in Resources */ = {isa = PBXBuildFile; fileRef = E62B2D991B04484300E5322E /* RegexKitLite.html */; };
		E62B2D9C1B04484300E5322E /* RegexKitLite.m in Sources */ = {isa = PBXBuildFile; fileRef = E62B2D9A1B04484300E5322E /* RegexKitLite.m */; settings = {COMPILER_FLAGS = "-fno-objc-arc"; }; };
		E62B2D9E1B0449E800E5322E /* libicucore.dylib in Frameworks */ = {isa = PBXBuildFile; fileRef = E62B2D9D1B0449E800E5322E /* libicucore.dylib */; };
		E62B2DA11B07710100E5322E /* NSString+URLEncoding.m in Sources */ = {isa = PBXBuildFile; fileRef = E62B2DA01B07710100E5322E /* NSString+URLEncoding.m */; settings = {COMPILER_FLAGS = "-fno-objc-arc"; }; };
		E62B2DA41B08E48F00E5322E /* BaseTableView.m in Sources */ = {isa = PBXBuildFile; fileRef = E62B2DA31B08E48F00E5322E /* BaseTableView.m */; settings = {COMPILER_FLAGS = "-fno-objc-arc"; }; };
		E62B2DAE1B08E4F800E5322E /* blackArrow.png in Resources */ = {isa = PBXBuildFile; fileRef = E62B2DA61B08E4F800E5322E /* blackArrow.png */; };
		E62B2DAF1B08E4F800E5322E /* blackArrow@2x.png in Resources */ = {isa = PBXBuildFile; fileRef = E62B2DA71B08E4F800E5322E /* blackArrow@2x.png */; };
		E62B2DB01B08E4F800E5322E /* blueArrow.png in Resources */ = {isa = PBXBuildFile; fileRef = E62B2DA81B08E4F800E5322E /* blueArrow.png */; };
		E62B2DB11B08E4F800E5322E /* blueArrow@2x.png in Resources */ = {isa = PBXBuildFile; fileRef = E62B2DA91B08E4F800E5322E /* blueArrow@2x.png */; };
		E62B2DB21B08E4F800E5322E /* EGORefreshTableHeaderView.m in Sources */ = {isa = PBXBuildFile; fileRef = E62B2DAB1B08E4F800E5322E /* EGORefreshTableHeaderView.m */; settings = {COMPILER_FLAGS = "-fno-objc-arc"; }; };
		E62B2DB31B08E4F800E5322E /* grayArrow.png in Resources */ = {isa = PBXBuildFile; fileRef = E62B2DAC1B08E4F800E5322E /* grayArrow.png */; };
		E62B2DB41B08E4F800E5322E /* grayArrow@2x.png in Resources */ = {isa = PBXBuildFile; fileRef = E62B2DAD1B08E4F800E5322E /* grayArrow@2x.png */; };
		E62B2DB71B08EA2700E5322E /* WeiboTableView.m in Sources */ = {isa = PBXBuildFile; fileRef = E62B2DB61B08EA2700E5322E /* WeiboTableView.m */; settings = {COMPILER_FLAGS = "-fno-objc-arc"; }; };
		E62B2DC01B0A442B00E5322E /* SuuUitil.m in Sources */ = {isa = PBXBuildFile; fileRef = E62B2DBF1B0A442B00E5322E /* SuuUitil.m */; settings = {COMPILER_FLAGS = "-fno-objc-arc"; }; };
		E62B2DC21B0A4BF600E5322E /* AudioToolbox.framework in Frameworks */ = {isa = PBXBuildFile; fileRef = E62B2DC11B0A4BF600E5322E /* AudioToolbox.framework */; };
		E62B2DC41B0A500E00E5322E /* msgcome.wav in Resources */ = {isa = PBXBuildFile; fileRef = E62B2DC31B0A500E00E5322E /* msgcome.wav */; };
		E62B2DC91B0AF0CA00E5322E /* 37x-Checkmark.png in Resources */ = {isa = PBXBuildFile; fileRef = E62B2DC61B0AF0CA00E5322E /* 37x-Checkmark.png */; };
		E62B2DCA1B0AF0CA00E5322E /* MBProgressHUD.m in Sources */ = {isa = PBXBuildFile; fileRef = E62B2DC81B0AF0CA00E5322E /* MBProgressHUD.m */; settings = {COMPILER_FLAGS = "-fno-objc-arc"; }; };
		E62B2DCE1B0B276700E5322E /* DetailViewController.m in Sources */ = {isa = PBXBuildFile; fileRef = E62B2DCC1B0B276700E5322E /* DetailViewController.m */; settings = {COMPILER_FLAGS = "-fno-objc-arc"; }; };
		E62B2DCF1B0B276700E5322E /* DetailViewController.xib in Resources */ = {isa = PBXBuildFile; fileRef = E62B2DCD1B0B276700E5322E /* DetailViewController.xib */; };
		E665C30D1AF39365002D8F20 /* libWeiboSDK.a in Frameworks */ = {isa = PBXBuildFile; fileRef = E665C3021AF39364002D8F20 /* libWeiboSDK.a */; };
		E665C30E1AF39365002D8F20 /* WeiboSDK.bundle in Resources */ = {isa = PBXBuildFile; fileRef = E665C30A1AF39365002D8F20 /* WeiboSDK.bundle */; };
		E6BBCE741AF7D8FB00257329 /* ThemeManager.m in Sources */ = {isa = PBXBuildFile; fileRef = E6BBCE731AF7D8FB00257329 /* ThemeManager.m */; settings = {COMPILER_FLAGS = "-fno-objc-arc"; }; };
		E6BBCE761AF7D95200257329 /* theme.plist in Resources */ = {isa = PBXBuildFile; fileRef = E6BBCE751AF7D95200257329 /* theme.plist */; };
		E6BBCE791AF906F300257329 /* themeButton.m in Sources */ = {isa = PBXBuildFile; fileRef = E6BBCE781AF906F300257329 /* themeButton.m */; settings = {COMPILER_FLAGS = "-fno-objc-arc"; }; };
		E6BBCE7D1AF9E6D400257329 /* ThemeViewController.m in Sources */ = {isa = PBXBuildFile; fileRef = E6BBCE7B1AF9E6D400257329 /* ThemeViewController.m */; settings = {COMPILER_FLAGS = "-fno-objc-arc"; }; };
		E6BBCE7E1AF9E6D400257329 /* ThemeViewController.xib in Resources */ = {isa = PBXBuildFile; fileRef = E6BBCE7C1AF9E6D400257329 /* ThemeViewController.xib */; };
		E6BBCE801AFA1DCB00257329 /* Skins in Resources */ = {isa = PBXBuildFile; fileRef = E6BBCE7F1AFA1DCB00257329 /* Skins */; };
		E6BBCE831AFA605600257329 /* ThemeImageView.m in Sources */ = {isa = PBXBuildFile; fileRef = E6BBCE821AFA605600257329 /* ThemeImageView.m */; settings = {COMPILER_FLAGS = "-fno-objc-arc"; }; };
		E6BBCE861AFA64DE00257329 /* UIFactory.m in Sources */ = {isa = PBXBuildFile; fileRef = E6BBCE851AFA64DE00257329 /* UIFactory.m */; settings = {COMPILER_FLAGS = "-fno-objc-arc"; }; };
		E6BBCE891AFA802600257329 /* ThemeLable.m in Sources */ = {isa = PBXBuildFile; fileRef = E6BBCE881AFA802600257329 /* ThemeLable.m */; settings = {COMPILER_FLAGS = "-fno-objc-arc"; }; };
		E6BBCE8C1AFB77BD00257329 /* WeiboModel.m in Sources */ = {isa = PBXBuildFile; fileRef = E6BBCE8B1AFB77BD00257329 /* WeiboModel.m */; settings = {COMPILER_FLAGS = "-fno-objc-arc"; }; };
		E6BBCE8F1AFB7AC400257329 /* UserModel.m in Sources */ = {isa = PBXBuildFile; fileRef = E6BBCE8E1AFB7AC400257329 /* UserModel.m */; settings = {COMPILER_FLAGS = "-fno-objc-arc"; }; };
/* End PBXBuildFile section */

/* Begin PBXContainerItemProxy section */
		317A66AE1AEC8EB7004F85BB /* PBXContainerItemProxy */ = {
			isa = PBXContainerItemProxy;
			containerPortal = 317A668C1AEC8EB7004F85BB /* Project object */;
			proxyType = 1;
			remoteGlobalIDString = 317A66931AEC8EB7004F85BB;
			remoteInfo = suuweibo;
		};
/* End PBXContainerItemProxy section */

/* Begin PBXFileReference section */
		110E6FA81AF10B5D002DFFB7 /* LeftViewController.h */ = {isa = PBXFileReference; fileEncoding = 4; lastKnownFileType = sourcecode.c.h; path = LeftViewController.h; sourceTree = "<group>"; };
		110E6FA91AF10B5D002DFFB7 /* LeftViewController.m */ = {isa = PBXFileReference; fileEncoding = 4; lastKnownFileType = sourcecode.c.objc; path = LeftViewController.m; sourceTree = "<group>"; };
		110E6FAA1AF10B5D002DFFB7 /* LeftViewController.xib */ = {isa = PBXFileReference; fileEncoding = 4; lastKnownFileType = file.xib; path = LeftViewController.xib; sourceTree = "<group>"; };
		110E6FAD1AF10C89002DFFB7 /* RightViewController.h */ = {isa = PBXFileReference; fileEncoding = 4; lastKnownFileType = sourcecode.c.h; path = RightViewController.h; sourceTree = "<group>"; };
		110E6FAE1AF10C89002DFFB7 /* RightViewController.m */ = {isa = PBXFileReference; fileEncoding = 4; lastKnownFileType = sourcecode.c.objc; path = RightViewController.m; sourceTree = "<group>"; };
		110E6FAF1AF10C89002DFFB7 /* RightViewController.xib */ = {isa = PBXFileReference; fileEncoding = 4; lastKnownFileType = file.xib; path = RightViewController.xib; sourceTree = "<group>"; };
		317A66941AEC8EB7004F85BB /* suuweibo.app */ = {isa = PBXFileReference; explicitFileType = wrapper.application; includeInIndex = 0; path = suuweibo.app; sourceTree = BUILT_PRODUCTS_DIR; };
		317A66981AEC8EB7004F85BB /* Info.plist */ = {isa = PBXFileReference; lastKnownFileType = text.plist.xml; path = Info.plist; sourceTree = "<group>"; };
		317A66991AEC8EB7004F85BB /* main.m */ = {isa = PBXFileReference; lastKnownFileType = sourcecode.c.objc; path = main.m; sourceTree = "<group>"; };
		317A669B1AEC8EB7004F85BB /* AppDelegate.h */ = {isa = PBXFileReference; lastKnownFileType = sourcecode.c.h; path = AppDelegate.h; sourceTree = "<group>"; };
		317A669C1AEC8EB7004F85BB /* AppDelegate.m */ = {isa = PBXFileReference; lastKnownFileType = sourcecode.c.objc; path = AppDelegate.m; sourceTree = "<group>"; };
		317A66A41AEC8EB7004F85BB /* Images.xcassets */ = {isa = PBXFileReference; lastKnownFileType = folder.assetcatalog; path = Images.xcassets; sourceTree = "<group>"; };
		317A66AD1AEC8EB7004F85BB /* suuweiboTests.xctest */ = {isa = PBXFileReference; explicitFileType = wrapper.cfbundle; includeInIndex = 0; path = suuweiboTests.xctest; sourceTree = BUILT_PRODUCTS_DIR; };
		317A66B21AEC8EB7004F85BB /* Info.plist */ = {isa = PBXFileReference; lastKnownFileType = text.plist.xml; path = Info.plist; sourceTree = "<group>"; };
		317A66B31AEC8EB7004F85BB /* suuweiboTests.m */ = {isa = PBXFileReference; lastKnownFileType = sourcecode.c.objc; path = suuweiboTests.m; sourceTree = "<group>"; };
		317A66BE1AEC92D2004F85BB /* UIUtils.h */ = {isa = PBXFileReference; fileEncoding = 4; lastKnownFileType = sourcecode.c.h; path = UIUtils.h; sourceTree = "<group>"; };
		317A66BF1AEC92D2004F85BB /* UIUtils.m */ = {isa = PBXFileReference; fileEncoding = 4; lastKnownFileType = sourcecode.c.objc; path = UIUtils.m; sourceTree = "<group>"; };
		317A66C01AEC92D2004F85BB /* UIViewExt.h */ = {isa = PBXFileReference; fileEncoding = 4; lastKnownFileType = sourcecode.c.h; path = UIViewExt.h; sourceTree = "<group>"; };
		317A66C11AEC92D2004F85BB /* UIViewExt.m */ = {isa = PBXFileReference; fileEncoding = 4; lastKnownFileType = sourcecode.c.objc; path = UIViewExt.m; sourceTree = "<group>"; };
		317A66C41AEC9314004F85BB /* WXHLGlobalUICommon.h */ = {isa = PBXFileReference; fileEncoding = 4; lastKnownFileType = sourcecode.c.h; path = WXHLGlobalUICommon.h; sourceTree = "<group>"; };
		317A66C51AEC9314004F85BB /* WXHLGlobalUICommon.m */ = {isa = PBXFileReference; fileEncoding = 4; lastKnownFileType = sourcecode.c.objc; path = WXHLGlobalUICommon.m; sourceTree = "<group>"; };
		317A66C81AEC9437004F85BB /* BaseModel.h */ = {isa = PBXFileReference; fileEncoding = 4; lastKnownFileType = sourcecode.c.h; path = BaseModel.h; sourceTree = "<group>"; };
		317A66C91AEC9437004F85BB /* BaseModel.m */ = {isa = PBXFileReference; fileEncoding = 4; lastKnownFileType = sourcecode.c.objc; path = BaseModel.m; sourceTree = "<group>"; };
		317A66CC1AEC946E004F85BB /* DDMenuController.h */ = {isa = PBXFileReference; fileEncoding = 4; lastKnownFileType = sourcecode.c.h; path = DDMenuController.h; sourceTree = "<group>"; };
		317A66CD1AEC946E004F85BB /* DDMenuController.m */ = {isa = PBXFileReference; fileEncoding = 4; lastKnownFileType = sourcecode.c.objc; path = DDMenuController.m; sourceTree = "<group>"; };
		317A66CF1AEC946E004F85BB /* RTLabel.h */ = {isa = PBXFileReference; fileEncoding = 4; lastKnownFileType = sourcecode.c.h; path = RTLabel.h; sourceTree = "<group>"; };
		317A66D01AEC946E004F85BB /* RTLabel.m */ = {isa = PBXFileReference; fileEncoding = 4; lastKnownFileType = sourcecode.c.objc; path = RTLabel.m; sourceTree = "<group>"; };
		317A66D41AEC9479004F85BB /* SDImageCache.h */ = {isa = PBXFileReference; fileEncoding = 4; lastKnownFileType = sourcecode.c.h; path = SDImageCache.h; sourceTree = "<group>"; };
		317A66D51AEC9479004F85BB /* SDImageCache.m */ = {isa = PBXFileReference; fileEncoding = 4; lastKnownFileType = sourcecode.c.objc; path = SDImageCache.m; sourceTree = "<group>"; };
		317A66D61AEC9479004F85BB /* SDImageCacheDelegate.h */ = {isa = PBXFileReference; fileEncoding = 4; lastKnownFileType = sourcecode.c.h; path = SDImageCacheDelegate.h; sourceTree = "<group>"; };
		317A66D71AEC9479004F85BB /* SDWebImageCompat.h */ = {isa = PBXFileReference; fileEncoding = 4; lastKnownFileType = sourcecode.c.h; path = SDWebImageCompat.h; sourceTree = "<group>"; };
		317A66D81AEC9479004F85BB /* SDWebImageDownloader.h */ = {isa = PBXFileReference; fileEncoding = 4; lastKnownFileType = sourcecode.c.h; path = SDWebImageDownloader.h; sourceTree = "<group>"; };
		317A66D91AEC9479004F85BB /* SDWebImageDownloader.m */ = {isa = PBXFileReference; fileEncoding = 4; lastKnownFileType = sourcecode.c.objc; path = SDWebImageDownloader.m; sourceTree = "<group>"; };
		317A66DA1AEC9479004F85BB /* SDWebImageDownloaderDelegate.h */ = {isa = PBXFileReference; fileEncoding = 4; lastKnownFileType = sourcecode.c.h; path = SDWebImageDownloaderDelegate.h; sourceTree = "<group>"; };
		317A66DB1AEC9479004F85BB /* SDWebImageManager.h */ = {isa = PBXFileReference; fileEncoding = 4; lastKnownFileType = sourcecode.c.h; path = SDWebImageManager.h; sourceTree = "<group>"; };
		317A66DC1AEC9479004F85BB /* SDWebImageManager.m */ = {isa = PBXFileReference; fileEncoding = 4; lastKnownFileType = sourcecode.c.objc; path = SDWebImageManager.m; sourceTree = "<group>"; };
		317A66DD1AEC9479004F85BB /* SDWebImageManagerDelegate.h */ = {isa = PBXFileReference; fileEncoding = 4; lastKnownFileType = sourcecode.c.h; path = SDWebImageManagerDelegate.h; sourceTree = "<group>"; };
		317A66DE1AEC9479004F85BB /* UIButton+WebCache.h */ = {isa = PBXFileReference; fileEncoding = 4; lastKnownFileType = sourcecode.c.h; path = "UIButton+WebCache.h"; sourceTree = "<group>"; };
		317A66DF1AEC9479004F85BB /* UIButton+WebCache.m */ = {isa = PBXFileReference; fileEncoding = 4; lastKnownFileType = sourcecode.c.objc; path = "UIButton+WebCache.m"; sourceTree = "<group>"; };
		317A66E01AEC9479004F85BB /* UIImageView+WebCache.h */ = {isa = PBXFileReference; fileEncoding = 4; lastKnownFileType = sourcecode.c.h; path = "UIImageView+WebCache.h"; sourceTree = "<group>"; };
		317A66E11AEC9479004F85BB /* UIImageView+WebCache.m */ = {isa = PBXFileReference; fileEncoding = 4; lastKnownFileType = sourcecode.c.objc; path = "UIImageView+WebCache.m"; sourceTree = "<group>"; };
		317A66E71AEC94C4004F85BB /* CustomCatagory.h */ = {isa = PBXFileReference; fileEncoding = 4; lastKnownFileType = sourcecode.c.h; path = CustomCatagory.h; sourceTree = "<group>"; };
		317A66E81AEC94C4004F85BB /* CustomCatagory.m */ = {isa = PBXFileReference; fileEncoding = 4; lastKnownFileType = sourcecode.c.objc; path = CustomCatagory.m; sourceTree = "<group>"; };
		317A66EA1AEC9609004F85BB /* CoreGraphics.framework */ = {isa = PBXFileReference; lastKnownFileType = wrapper.framework; name = CoreGraphics.framework; path = System/Library/Frameworks/CoreGraphics.framework; sourceTree = SDKROOT; };
		317A66EC1AEC962B004F85BB /* Foundation.framework */ = {isa = PBXFileReference; lastKnownFileType = wrapper.framework; name = Foundation.framework; path = System/Library/Frameworks/Foundation.framework; sourceTree = SDKROOT; };
		317A66EE1AEC9653004F85BB /* QuartzCore.framework */ = {isa = PBXFileReference; lastKnownFileType = wrapper.framework; name = QuartzCore.framework; path = System/Library/Frameworks/QuartzCore.framework; sourceTree = SDKROOT; };
		317A66F01AEC965F004F85BB /* UIKit.framework */ = {isa = PBXFileReference; lastKnownFileType = wrapper.framework; name = UIKit.framework; path = System/Library/Frameworks/UIKit.framework; sourceTree = SDKROOT; };
		317A66F71AECB711004F85BB /* CoreText.framework */ = {isa = PBXFileReference; lastKnownFileType = wrapper.framework; name = CoreText.framework; path = System/Library/Frameworks/CoreText.framework; sourceTree = SDKROOT; };
		317A66F91AECBB48004F85BB /* MainViewController.h */ = {isa = PBXFileReference; fileEncoding = 4; lastKnownFileType = sourcecode.c.h; path = MainViewController.h; sourceTree = "<group>"; };
		317A66FA1AECBB48004F85BB /* MainViewController.m */ = {isa = PBXFileReference; fileEncoding = 4; lastKnownFileType = sourcecode.c.objc; path = MainViewController.m; sourceTree = "<group>"; };
		317A66FD1AECBCEB004F85BB /* BaseViewController.h */ = {isa = PBXFileReference; fileEncoding = 4; lastKnownFileType = sourcecode.c.h; path = BaseViewController.h; sourceTree = "<group>"; };
		317A66FE1AECBCEB004F85BB /* BaseViewController.m */ = {isa = PBXFileReference; fileEncoding = 4; lastKnownFileType = sourcecode.c.objc; path = BaseViewController.m; sourceTree = "<group>"; };
		317A67001AECBD7B004F85BB /* BaseNavigationController.h */ = {isa = PBXFileReference; fileEncoding = 4; lastKnownFileType = sourcecode.c.h; path = BaseNavigationController.h; sourceTree = "<group>"; };
		317A67011AECBD7B004F85BB /* BaseNavigationController.m */ = {isa = PBXFileReference; fileEncoding = 4; lastKnownFileType = sourcecode.c.objc; path = BaseNavigationController.m; sourceTree = "<group>"; };
		317A67081AECBEFA004F85BB /* HomeViewController.h */ = {isa = PBXFileReference; fileEncoding = 4; lastKnownFileType = sourcecode.c.h; path = HomeViewController.h; sourceTree = "<group>"; };
		317A67091AECBEFA004F85BB /* HomeViewController.m */ = {isa = PBXFileReference; fileEncoding = 4; lastKnownFileType = sourcecode.c.objc; path = HomeViewController.m; sourceTree = "<group>"; };
		317A670A1AECBEFA004F85BB /* HomeViewController.xib */ = {isa = PBXFileReference; fileEncoding = 4; lastKnownFileType = file.xib; path = HomeViewController.xib; sourceTree = "<group>"; };
		317A670D1AECC015004F85BB /* MessageViewController.h */ = {isa = PBXFileReference; fileEncoding = 4; lastKnownFileType = sourcecode.c.h; path = MessageViewController.h; sourceTree = "<group>"; };
		317A670E1AECC015004F85BB /* MessageViewController.m */ = {isa = PBXFileReference; fileEncoding = 4; lastKnownFileType = sourcecode.c.objc; path = MessageViewController.m; sourceTree = "<group>"; };
		317A670F1AECC015004F85BB /* MessageViewController.xib */ = {isa = PBXFileReference; fileEncoding = 4; lastKnownFileType = file.xib; path = MessageViewController.xib; sourceTree = "<group>"; };
		317A67121AECC079004F85BB /* ProfileViewController.h */ = {isa = PBXFileReference; fileEncoding = 4; lastKnownFileType = sourcecode.c.h; path = ProfileViewController.h; sourceTree = "<group>"; };
		317A67131AECC079004F85BB /* ProfileViewController.m */ = {isa = PBXFileReference; fileEncoding = 4; lastKnownFileType = sourcecode.c.objc; path = ProfileViewController.m; sourceTree = "<group>"; };
		317A67141AECC079004F85BB /* ProfileViewController.xib */ = {isa = PBXFileReference; fileEncoding = 4; lastKnownFileType = file.xib; path = ProfileViewController.xib; sourceTree = "<group>"; };
		317A67171AECC245004F85BB /* DiscoverViewController.h */ = {isa = PBXFileReference; fileEncoding = 4; lastKnownFileType = sourcecode.c.h; path = DiscoverViewController.h; sourceTree = "<group>"; };
		317A67181AECC245004F85BB /* DiscoverViewController.m */ = {isa = PBXFileReference; fileEncoding = 4; lastKnownFileType = sourcecode.c.objc; path = DiscoverViewController.m; sourceTree = "<group>"; };
		317A67191AECC245004F85BB /* DiscoverViewController.xib */ = {isa = PBXFileReference; fileEncoding = 4; lastKnownFileType = file.xib; path = DiscoverViewController.xib; sourceTree = "<group>"; };
		317A671C1AECC28B004F85BB /* MoreViewController.h */ = {isa = PBXFileReference; fileEncoding = 4; lastKnownFileType = sourcecode.c.h; path = MoreViewController.h; sourceTree = "<group>"; };
		317A671D1AECC28B004F85BB /* MoreViewController.m */ = {isa = PBXFileReference; fileEncoding = 4; lastKnownFileType = sourcecode.c.objc; path = MoreViewController.m; sourceTree = "<group>"; };
		317A671E1AECC28B004F85BB /* MoreViewController.xib */ = {isa = PBXFileReference; fileEncoding = 4; lastKnownFileType = file.xib; path = MoreViewController.xib; sourceTree = "<group>"; };
		317A67211AECD504004F85BB /* suuweibo_prefix.pch */ = {isa = PBXFileReference; fileEncoding = 4; lastKnownFileType = sourcecode.c.h; path = suuweibo_prefix.pch; sourceTree = SOURCE_ROOT; };
		31BB9AB21AF5DD6100C30416 /* CFNetwork.framework */ = {isa = PBXFileReference; lastKnownFileType = wrapper.framework; name = CFNetwork.framework; path = System/Library/Frameworks/CFNetwork.framework; sourceTree = SDKROOT; };
		31BB9AB41AF5DD8C00C30416 /* Security.framework */ = {isa = PBXFileReference; lastKnownFileType = wrapper.framework; name = Security.framework; path = System/Library/Frameworks/Security.framework; sourceTree = SDKROOT; };
		31BB9AB61AF5DD9300C30416 /* SystemConfiguration.framework */ = {isa = PBXFileReference; lastKnownFileType = wrapper.framework; name = SystemConfiguration.framework; path = System/Library/Frameworks/SystemConfiguration.framework; sourceTree = SDKROOT; };
		31BB9AB81AF60CBB00C30416 /* CONSTS.h */ = {isa = PBXFileReference; fileEncoding = 4; lastKnownFileType = sourcecode.c.h; path = CONSTS.h; sourceTree = "<group>"; };
		31BB9ABD1AF62E3900C30416 /* ImageIO.framework */ = {isa = PBXFileReference; lastKnownFileType = wrapper.framework; name = ImageIO.framework; path = System/Library/Frameworks/ImageIO.framework; sourceTree = SDKROOT; };
		31BB9ABF1AF62E5300C30416 /* CoreTelephony.framework */ = {isa = PBXFileReference; lastKnownFileType = wrapper.framework; name = CoreTelephony.framework; path = System/Library/Frameworks/CoreTelephony.framework; sourceTree = SDKROOT; };
		E62B2D911B00750D00E5322E /* WeiboCell.h */ = {isa = PBXFileReference; fileEncoding = 4; lastKnownFileType = sourcecode.c.h; path = WeiboCell.h; sourceTree = "<group>"; };
		E62B2D921B00750D00E5322E /* WeiboCell.m */ = {isa = PBXFileReference; fileEncoding = 4; lastKnownFileType = sourcecode.c.objc; path = WeiboCell.m; sourceTree = "<group>"; };
		E62B2D941B00754F00E5322E /* WeiboView.h */ = {isa = PBXFileReference; fileEncoding = 4; lastKnownFileType = sourcecode.c.h; path = WeiboView.h; sourceTree = "<group>"; };
		E62B2D951B00754F00E5322E /* WeiboView.m */ = {isa = PBXFileReference; fileEncoding = 4; lastKnownFileType = sourcecode.c.objc; path = WeiboView.m; sourceTree = "<group>"; };
		E62B2D981B04484300E5322E /* RegexKitLite.h */ = {isa = PBXFileReference; fileEncoding = 4; lastKnownFileType = sourcecode.c.h; path = RegexKitLite.h; sourceTree = "<group>"; };
		E62B2D991B04484300E5322E /* RegexKitLite.html */ = {isa = PBXFileReference; fileEncoding = 4; lastKnownFileType = text.html; path = RegexKitLite.html; sourceTree = "<group>"; };
		E62B2D9A1B04484300E5322E /* RegexKitLite.m */ = {isa = PBXFileReference; fileEncoding = 4; lastKnownFileType = sourcecode.c.objc; path = RegexKitLite.m; sourceTree = "<group>"; };
		E62B2D9D1B0449E800E5322E /* libicucore.dylib */ = {isa = PBXFileReference; lastKnownFileType = "compiled.mach-o.dylib"; name = libicucore.dylib; path = usr/lib/libicucore.dylib; sourceTree = SDKROOT; };
		E62B2D9F1B07710100E5322E /* NSString+URLEncoding.h */ = {isa = PBXFileReference; fileEncoding = 4; lastKnownFileType = sourcecode.c.h; path = "NSString+URLEncoding.h"; sourceTree = "<group>"; };
		E62B2DA01B07710100E5322E /* NSString+URLEncoding.m */ = {isa = PBXFileReference; fileEncoding = 4; lastKnownFileType = sourcecode.c.objc; path = "NSString+URLEncoding.m"; sourceTree = "<group>"; };
		E62B2DA21B08E48F00E5322E /* BaseTableView.h */ = {isa = PBXFileReference; fileEncoding = 4; lastKnownFileType = sourcecode.c.h; path = BaseTableView.h; sourceTree = "<group>"; };
		E62B2DA31B08E48F00E5322E /* BaseTableView.m */ = {isa = PBXFileReference; fileEncoding = 4; lastKnownFileType = sourcecode.c.objc; path = BaseTableView.m; sourceTree = "<group>"; };
		E62B2DA61B08E4F800E5322E /* blackArrow.png */ = {isa = PBXFileReference; lastKnownFileType = image.png; path = blackArrow.png; sourceTree = "<group>"; };
		E62B2DA71B08E4F800E5322E /* blackArrow@2x.png */ = {isa = PBXFileReference; lastKnownFileType = image.png; path = "blackArrow@2x.png"; sourceTree = "<group>"; };
		E62B2DA81B08E4F800E5322E /* blueArrow.png */ = {isa = PBXFileReference; lastKnownFileType = image.png; path = blueArrow.png; sourceTree = "<group>"; };
		E62B2DA91B08E4F800E5322E /* blueArrow@2x.png */ = {isa = PBXFileReference; lastKnownFileType = image.png; path = "blueArrow@2x.png"; sourceTree = "<group>"; };
		E62B2DAA1B08E4F800E5322E /* EGORefreshTableHeaderView.h */ = {isa = PBXFileReference; fileEncoding = 4; lastKnownFileType = sourcecode.c.h; path = EGORefreshTableHeaderView.h; sourceTree = "<group>"; };
		E62B2DAB1B08E4F800E5322E /* EGORefreshTableHeaderView.m */ = {isa = PBXFileReference; fileEncoding = 4; lastKnownFileType = sourcecode.c.objc; path = EGORefreshTableHeaderView.m; sourceTree = "<group>"; };
		E62B2DAC1B08E4F800E5322E /* grayArrow.png */ = {isa = PBXFileReference; lastKnownFileType = image.png; path = grayArrow.png; sourceTree = "<group>"; };
		E62B2DAD1B08E4F800E5322E /* grayArrow@2x.png */ = {isa = PBXFileReference; lastKnownFileType = image.png; path = "grayArrow@2x.png"; sourceTree = "<group>"; };
		E62B2DB51B08EA2700E5322E /* WeiboTableView.h */ = {isa = PBXFileReference; fileEncoding = 4; lastKnownFileType = sourcecode.c.h; path = WeiboTableView.h; sourceTree = "<group>"; };
		E62B2DB61B08EA2700E5322E /* WeiboTableView.m */ = {isa = PBXFileReference; fileEncoding = 4; lastKnownFileType = sourcecode.c.objc; path = WeiboTableView.m; sourceTree = "<group>"; };
		E62B2DBE1B0A442B00E5322E /* SuuUitil.h */ = {isa = PBXFileReference; fileEncoding = 4; lastKnownFileType = sourcecode.c.h; path = SuuUitil.h; sourceTree = "<group>"; };
		E62B2DBF1B0A442B00E5322E /* SuuUitil.m */ = {isa = PBXFileReference; fileEncoding = 4; lastKnownFileType = sourcecode.c.objc; path = SuuUitil.m; sourceTree = "<group>"; };
		E62B2DC11B0A4BF600E5322E /* AudioToolbox.framework */ = {isa = PBXFileReference; lastKnownFileType = wrapper.framework; name = AudioToolbox.framework; path = System/Library/Frameworks/AudioToolbox.framework; sourceTree = SDKROOT; };
		E62B2DC31B0A500E00E5322E /* msgcome.wav */ = {isa = PBXFileReference; lastKnownFileType = audio.wav; path = msgcome.wav; sourceTree = "<group>"; };
		E62B2DC61B0AF0CA00E5322E /* 37x-Checkmark.png */ = {isa = PBXFileReference; lastKnownFileType = image.png; path = "37x-Checkmark.png"; sourceTree = "<group>"; };
		E62B2DC71B0AF0CA00E5322E /* MBProgressHUD.h */ = {isa = PBXFileReference; fileEncoding = 4; lastKnownFileType = sourcecode.c.h; path = MBProgressHUD.h; sourceTree = "<group>"; };
		E62B2DC81B0AF0CA00E5322E /* MBProgressHUD.m */ = {isa = PBXFileReference; fileEncoding = 4; lastKnownFileType = sourcecode.c.objc; path = MBProgressHUD.m; sourceTree = "<group>"; };
		E62B2DCB1B0B276700E5322E /* DetailViewController.h */ = {isa = PBXFileReference; fileEncoding = 4; lastKnownFileType = sourcecode.c.h; path = DetailViewController.h; sourceTree = "<group>"; };
		E62B2DCC1B0B276700E5322E /* DetailViewController.m */ = {isa = PBXFileReference; fileEncoding = 4; lastKnownFileType = sourcecode.c.objc; path = DetailViewController.m; sourceTree = "<group>"; };
		E62B2DCD1B0B276700E5322E /* DetailViewController.xib */ = {isa = PBXFileReference; fileEncoding = 4; lastKnownFileType = file.xib; path = DetailViewController.xib; sourceTree = "<group>"; };
		E665C3021AF39364002D8F20 /* libWeiboSDK.a */ = {isa = PBXFileReference; lastKnownFileType = archive.ar; path = libWeiboSDK.a; sourceTree = "<group>"; };
		E665C3031AF39364002D8F20 /* WBHttpRequest+WeiboShare.h */ = {isa = PBXFileReference; fileEncoding = 4; lastKnownFileType = sourcecode.c.h; path = "WBHttpRequest+WeiboShare.h"; sourceTree = "<group>"; };
		E665C3041AF39364002D8F20 /* WBHttpRequest+WeiboToken.h */ = {isa = PBXFileReference; fileEncoding = 4; lastKnownFileType = sourcecode.c.h; path = "WBHttpRequest+WeiboToken.h"; sourceTree = "<group>"; };
		E665C3051AF39364002D8F20 /* WBHttpRequest+WeiboUser.h */ = {isa = PBXFileReference; fileEncoding = 4; lastKnownFileType = sourcecode.c.h; path = "WBHttpRequest+WeiboUser.h"; sourceTree = "<group>"; };
		E665C3061AF39364002D8F20 /* WBHttpRequest.h */ = {isa = PBXFileReference; fileEncoding = 4; lastKnownFileType = sourcecode.c.h; path = WBHttpRequest.h; sourceTree = "<group>"; };
		E665C3071AF39364002D8F20 /* WBSDKBasicButton.h */ = {isa = PBXFileReference; fileEncoding = 4; lastKnownFileType = sourcecode.c.h; path = WBSDKBasicButton.h; sourceTree = "<group>"; };
		E665C3081AF39365002D8F20 /* WBSDKCommentButton.h */ = {isa = PBXFileReference; fileEncoding = 4; lastKnownFileType = sourcecode.c.h; path = WBSDKCommentButton.h; sourceTree = "<group>"; };
		E665C3091AF39365002D8F20 /* WBSDKRelationshipButton.h */ = {isa = PBXFileReference; fileEncoding = 4; lastKnownFileType = sourcecode.c.h; path = WBSDKRelationshipButton.h; sourceTree = "<group>"; };
		E665C30A1AF39365002D8F20 /* WeiboSDK.bundle */ = {isa = PBXFileReference; lastKnownFileType = "wrapper.plug-in"; path = WeiboSDK.bundle; sourceTree = "<group>"; };
		E665C30B1AF39365002D8F20 /* WeiboSDK.h */ = {isa = PBXFileReference; fileEncoding = 4; lastKnownFileType = sourcecode.c.h; path = WeiboSDK.h; sourceTree = "<group>"; };
		E665C30C1AF39365002D8F20 /* WeiboUser.h */ = {isa = PBXFileReference; fileEncoding = 4; lastKnownFileType = sourcecode.c.h; path = WeiboUser.h; sourceTree = "<group>"; };
		E6BBCE721AF7D8FB00257329 /* ThemeManager.h */ = {isa = PBXFileReference; fileEncoding = 4; lastKnownFileType = sourcecode.c.h; path = ThemeManager.h; sourceTree = "<group>"; };
		E6BBCE731AF7D8FB00257329 /* ThemeManager.m */ = {isa = PBXFileReference; fileEncoding = 4; lastKnownFileType = sourcecode.c.objc; path = ThemeManager.m; sourceTree = "<group>"; };
		E6BBCE751AF7D95200257329 /* theme.plist */ = {isa = PBXFileReference; fileEncoding = 4; lastKnownFileType = text.plist.xml; path = theme.plist; sourceTree = "<group>"; };
		E6BBCE771AF906F300257329 /* themeButton.h */ = {isa = PBXFileReference; fileEncoding = 4; lastKnownFileType = sourcecode.c.h; path = themeButton.h; sourceTree = "<group>"; };
		E6BBCE781AF906F300257329 /* themeButton.m */ = {isa = PBXFileReference; fileEncoding = 4; lastKnownFileType = sourcecode.c.objc; path = themeButton.m; sourceTree = "<group>"; };
		E6BBCE7A1AF9E6D400257329 /* ThemeViewController.h */ = {isa = PBXFileReference; fileEncoding = 4; lastKnownFileType = sourcecode.c.h; path = ThemeViewController.h; sourceTree = "<group>"; };
		E6BBCE7B1AF9E6D400257329 /* ThemeViewController.m */ = {isa = PBXFileReference; fileEncoding = 4; lastKnownFileType = sourcecode.c.objc; path = ThemeViewController.m; sourceTree = "<group>"; };
		E6BBCE7C1AF9E6D400257329 /* ThemeViewController.xib */ = {isa = PBXFileReference; fileEncoding = 4; lastKnownFileType = file.xib; path = ThemeViewController.xib; sourceTree = "<group>"; };
		E6BBCE7F1AFA1DCB00257329 /* Skins */ = {isa = PBXFileReference; lastKnownFileType = folder; path = Skins; sourceTree = "<group>"; };
		E6BBCE811AFA605600257329 /* ThemeImageView.h */ = {isa = PBXFileReference; fileEncoding = 4; lastKnownFileType = sourcecode.c.h; path = ThemeImageView.h; sourceTree = "<group>"; };
		E6BBCE821AFA605600257329 /* ThemeImageView.m */ = {isa = PBXFileReference; fileEncoding = 4; lastKnownFileType = sourcecode.c.objc; path = ThemeImageView.m; sourceTree = "<group>"; };
		E6BBCE841AFA64DE00257329 /* UIFactory.h */ = {isa = PBXFileReference; fileEncoding = 4; lastKnownFileType = sourcecode.c.h; path = UIFactory.h; sourceTree = "<group>"; };
		E6BBCE851AFA64DE00257329 /* UIFactory.m */ = {isa = PBXFileReference; fileEncoding = 4; lastKnownFileType = sourcecode.c.objc; path = UIFactory.m; sourceTree = "<group>"; };
		E6BBCE871AFA802600257329 /* ThemeLable.h */ = {isa = PBXFileReference; fileEncoding = 4; lastKnownFileType = sourcecode.c.h; path = ThemeLable.h; sourceTree = "<group>"; };
		E6BBCE881AFA802600257329 /* ThemeLable.m */ = {isa = PBXFileReference; fileEncoding = 4; lastKnownFileType = sourcecode.c.objc; path = ThemeLable.m; sourceTree = "<group>"; };
		E6BBCE8A1AFB77BD00257329 /* WeiboModel.h */ = {isa = PBXFileReference; fileEncoding = 4; lastKnownFileType = sourcecode.c.h; path = WeiboModel.h; sourceTree = "<group>"; };
		E6BBCE8B1AFB77BD00257329 /* WeiboModel.m */ = {isa = PBXFileReference; fileEncoding = 4; lastKnownFileType = sourcecode.c.objc; path = WeiboModel.m; sourceTree = "<group>"; };
		E6BBCE8D1AFB7AC400257329 /* UserModel.h */ = {isa = PBXFileReference; fileEncoding = 4; lastKnownFileType = sourcecode.c.h; path = UserModel.h; sourceTree = "<group>"; };
		E6BBCE8E1AFB7AC400257329 /* UserModel.m */ = {isa = PBXFileReference; fileEncoding = 4; lastKnownFileType = sourcecode.c.objc; path = UserModel.m; sourceTree = "<group>"; };
/* End PBXFileReference section */

/* Begin PBXFrameworksBuildPhase section */
		317A66911AEC8EB7004F85BB /* Frameworks */ = {
			isa = PBXFrameworksBuildPhase;
			buildActionMask = 2147483647;
			files = (
				E62B2DC21B0A4BF600E5322E /* AudioToolbox.framework in Frameworks */,
				E62B2D9E1B0449E800E5322E /* libicucore.dylib in Frameworks */,
				317A66ED1AEC962B004F85BB /* Foundation.framework in Frameworks */,
				317A66EB1AEC9609004F85BB /* CoreGraphics.framework in Frameworks */,
				317A66F81AECB711004F85BB /* CoreText.framework in Frameworks */,
				31BB9AC01AF62E5300C30416 /* CoreTelephony.framework in Frameworks */,
				31BB9AB51AF5DD8C00C30416 /* Security.framework in Frameworks */,
				31BB9AB71AF5DD9300C30416 /* SystemConfiguration.framework in Frameworks */,
				31BB9ABE1AF62E3900C30416 /* ImageIO.framework in Frameworks */,
				317A66EF1AEC9653004F85BB /* QuartzCore.framework in Frameworks */,
				31BB9AB31AF5DD6100C30416 /* CFNetwork.framework in Frameworks */,
				E665C30D1AF39365002D8F20 /* libWeiboSDK.a in Frameworks */,
				317A66F11AEC965F004F85BB /* UIKit.framework in Frameworks */,
			);
			runOnlyForDeploymentPostprocessing = 0;
		};
		317A66AA1AEC8EB7004F85BB /* Frameworks */ = {
			isa = PBXFrameworksBuildPhase;
			buildActionMask = 2147483647;
			files = (
			);
			runOnlyForDeploymentPostprocessing = 0;
		};
/* End PBXFrameworksBuildPhase section */

/* Begin PBXGroup section */
		110E6FB21AF355E6002DFFB7 /* opensource */ = {
			isa = PBXGroup;
			children = (
				E62B2DC51B0AF0CA00E5322E /* MBProgressHUD */,
				E62B2DA51B08E4F800E5322E /* EGOTableViewPullRefresh */,
				E62B2D9F1B07710100E5322E /* NSString+URLEncoding.h */,
				E62B2DA01B07710100E5322E /* NSString+URLEncoding.m */,
				E62B2D971B04484300E5322E /* RegexKitLite */,
				E665C3011AF39364002D8F20 /* libWeiboSDK */,
			);
			name = opensource;
			sourceTree = "<group>";
		};
		317A668B1AEC8EB7004F85BB = {
			isa = PBXGroup;
			children = (
				E62B2DC11B0A4BF600E5322E /* AudioToolbox.framework */,
				E62B2D9D1B0449E800E5322E /* libicucore.dylib */,
				31BB9ABF1AF62E5300C30416 /* CoreTelephony.framework */,
				31BB9ABD1AF62E3900C30416 /* ImageIO.framework */,
				31BB9AB61AF5DD9300C30416 /* SystemConfiguration.framework */,
				31BB9AB41AF5DD8C00C30416 /* Security.framework */,
				31BB9AB21AF5DD6100C30416 /* CFNetwork.framework */,
				317A66F71AECB711004F85BB /* CoreText.framework */,
				317A66F01AEC965F004F85BB /* UIKit.framework */,
				317A66EE1AEC9653004F85BB /* QuartzCore.framework */,
				317A66EC1AEC962B004F85BB /* Foundation.framework */,
				317A66EA1AEC9609004F85BB /* CoreGraphics.framework */,
				317A66961AEC8EB7004F85BB /* suuweibo */,
				317A66B01AEC8EB7004F85BB /* suuweiboTests */,
				317A66951AEC8EB7004F85BB /* Products */,
			);
			sourceTree = "<group>";
		};
		317A66951AEC8EB7004F85BB /* Products */ = {
			isa = PBXGroup;
			children = (
				317A66941AEC8EB7004F85BB /* suuweibo.app */,
				317A66AD1AEC8EB7004F85BB /* suuweiboTests.xctest */,
			);
			name = Products;
			sourceTree = "<group>";
		};
		317A66961AEC8EB7004F85BB /* suuweibo */ = {
			isa = PBXGroup;
			children = (
				317A67211AECD504004F85BB /* suuweibo_prefix.pch */,
				317A67071AECBE4E004F85BB /* More */,
				317A67061AECBE3F004F85BB /* Discover */,
				317A67051AECBE21004F85BB /* Profile */,
				317A67041AECBE0B004F85BB /* Message */,
				317A67031AECBDF7004F85BB /* Home */,
				317A66FC1AECBC8B004F85BB /* BaseView */,
				317A66C71AEC9437004F85BB /* models */,
				317A669B1AEC8EB7004F85BB /* AppDelegate.h */,
				317A669C1AEC8EB7004F85BB /* AppDelegate.m */,
				317A66A41AEC8EB7004F85BB /* Images.xcassets */,
				317A66971AEC8EB7004F85BB /* Supporting Files */,
				317A66F91AECBB48004F85BB /* MainViewController.h */,
				317A66FA1AECBB48004F85BB /* MainViewController.m */,
			);
			path = suuweibo;
			sourceTree = "<group>";
		};
		317A66971AEC8EB7004F85BB /* Supporting Files */ = {
			isa = PBXGroup;
			children = (
				E62B2DC31B0A500E00E5322E /* msgcome.wav */,
				E6BBCE7F1AFA1DCB00257329 /* Skins */,
				E6BBCE711AF7D8AA00257329 /* thenmeManager */,
				110E6FB21AF355E6002DFFB7 /* opensource */,
				317A66BD1AEC9228004F85BB /* uitil */,
				317A66981AEC8EB7004F85BB /* Info.plist */,
				317A66991AEC8EB7004F85BB /* main.m */,
			);
			name = "Supporting Files";
			sourceTree = "<group>";
		};
		317A66B01AEC8EB7004F85BB /* suuweiboTests */ = {
			isa = PBXGroup;
			children = (
				317A66B31AEC8EB7004F85BB /* suuweiboTests.m */,
				317A66B11AEC8EB7004F85BB /* Supporting Files */,
			);
			path = suuweiboTests;
			sourceTree = "<group>";
		};
		317A66B11AEC8EB7004F85BB /* Supporting Files */ = {
			isa = PBXGroup;
			children = (
				317A66B21AEC8EB7004F85BB /* Info.plist */,
			);
			name = "Supporting Files";
			sourceTree = "<group>";
		};
		317A66BD1AEC9228004F85BB /* uitil */ = {
			isa = PBXGroup;
			children = (
				317A66D31AEC9479004F85BB /* SDWebImage */,
				317A66CB1AEC946E004F85BB /* DDMenu */,
				317A66CE1AEC946E004F85BB /* FontLabel */,
				317A66E71AEC94C4004F85BB /* CustomCatagory.h */,
				317A66E81AEC94C4004F85BB /* CustomCatagory.m */,
				317A66C41AEC9314004F85BB /* WXHLGlobalUICommon.h */,
				317A66C51AEC9314004F85BB /* WXHLGlobalUICommon.m */,
				317A66C11AEC92D2004F85BB /* UIViewExt.m */,
				317A66BF1AEC92D2004F85BB /* UIUtils.m */,
				317A66C01AEC92D2004F85BB /* UIViewExt.h */,
				317A66BE1AEC92D2004F85BB /* UIUtils.h */,
				31BB9AB81AF60CBB00C30416 /* CONSTS.h */,
				E62B2DBE1B0A442B00E5322E /* SuuUitil.h */,
				E62B2DBF1B0A442B00E5322E /* SuuUitil.m */,
			);
			name = uitil;
			sourceTree = "<group>";
		};
		317A66C71AEC9437004F85BB /* models */ = {
			isa = PBXGroup;
			children = (
				317A66C81AEC9437004F85BB /* BaseModel.h */,
				317A66C91AEC9437004F85BB /* BaseModel.m */,
				E6BBCE8A1AFB77BD00257329 /* WeiboModel.h */,
				E6BBCE8B1AFB77BD00257329 /* WeiboModel.m */,
				E6BBCE8D1AFB7AC400257329 /* UserModel.h */,
				E6BBCE8E1AFB7AC400257329 /* UserModel.m */,
			);
			path = models;
			sourceTree = "<group>";
		};
		317A66CB1AEC946E004F85BB /* DDMenu */ = {
			isa = PBXGroup;
			children = (
				317A66CC1AEC946E004F85BB /* DDMenuController.h */,
				317A66CD1AEC946E004F85BB /* DDMenuController.m */,
			);
			path = DDMenu;
			sourceTree = "<group>";
		};
		317A66CE1AEC946E004F85BB /* FontLabel */ = {
			isa = PBXGroup;
			children = (
				317A66CF1AEC946E004F85BB /* RTLabel.h */,
				317A66D01AEC946E004F85BB /* RTLabel.m */,
			);
			path = FontLabel;
			sourceTree = "<group>";
		};
		317A66D31AEC9479004F85BB /* SDWebImage */ = {
			isa = PBXGroup;
			children = (
				317A66D41AEC9479004F85BB /* SDImageCache.h */,
				317A66D51AEC9479004F85BB /* SDImageCache.m */,
				317A66D61AEC9479004F85BB /* SDImageCacheDelegate.h */,
				317A66D71AEC9479004F85BB /* SDWebImageCompat.h */,
				317A66D81AEC9479004F85BB /* SDWebImageDownloader.h */,
				317A66D91AEC9479004F85BB /* SDWebImageDownloader.m */,
				317A66DA1AEC9479004F85BB /* SDWebImageDownloaderDelegate.h */,
				317A66DB1AEC9479004F85BB /* SDWebImageManager.h */,
				317A66DC1AEC9479004F85BB /* SDWebImageManager.m */,
				317A66DD1AEC9479004F85BB /* SDWebImageManagerDelegate.h */,
				317A66DE1AEC9479004F85BB /* UIButton+WebCache.h */,
				317A66DF1AEC9479004F85BB /* UIButton+WebCache.m */,
				317A66E01AEC9479004F85BB /* UIImageView+WebCache.h */,
				317A66E11AEC9479004F85BB /* UIImageView+WebCache.m */,
			);
			path = SDWebImage;
			sourceTree = "<group>";
		};
		317A66FC1AECBC8B004F85BB /* BaseView */ = {
			isa = PBXGroup;
			children = (
				317A66FD1AECBCEB004F85BB /* BaseViewController.h */,
				317A66FE1AECBCEB004F85BB /* BaseViewController.m */,
				317A67001AECBD7B004F85BB /* BaseNavigationController.h */,
				317A67011AECBD7B004F85BB /* BaseNavigationController.m */,
				E62B2DA21B08E48F00E5322E /* BaseTableView.h */,
				E62B2DA31B08E48F00E5322E /* BaseTableView.m */,
			);
			name = BaseView;
			sourceTree = "<group>";
		};
		317A67031AECBDF7004F85BB /* Home */ = {
			isa = PBXGroup;
			children = (
				110E6FAD1AF10C89002DFFB7 /* RightViewController.h */,
				110E6FAE1AF10C89002DFFB7 /* RightViewController.m */,
				110E6FAF1AF10C89002DFFB7 /* RightViewController.xib */,
				110E6FA81AF10B5D002DFFB7 /* LeftViewController.h */,
				110E6FA91AF10B5D002DFFB7 /* LeftViewController.m */,
				110E6FAA1AF10B5D002DFFB7 /* LeftViewController.xib */,
				317A67081AECBEFA004F85BB /* HomeViewController.h */,
				317A67091AECBEFA004F85BB /* HomeViewController.m */,
				317A670A1AECBEFA004F85BB /* HomeViewController.xib */,
				E62B2D911B00750D00E5322E /* WeiboCell.h */,
				E62B2D921B00750D00E5322E /* WeiboCell.m */,
				E62B2D941B00754F00E5322E /* WeiboView.h */,
				E62B2D951B00754F00E5322E /* WeiboView.m */,
				E62B2DB51B08EA2700E5322E /* WeiboTableView.h */,
				E62B2DB61B08EA2700E5322E /* WeiboTableView.m */,
				E62B2DCB1B0B276700E5322E /* DetailViewController.h */,
				E62B2DCC1B0B276700E5322E /* DetailViewController.m */,
				E62B2DCD1B0B276700E5322E /* DetailViewController.xib */,
			);
			name = Home;
			sourceTree = "<group>";
		};
		317A67041AECBE0B004F85BB /* Message */ = {
			isa = PBXGroup;
			children = (
				317A670D1AECC015004F85BB /* MessageViewController.h */,
				317A670E1AECC015004F85BB /* MessageViewController.m */,
				317A670F1AECC015004F85BB /* MessageViewController.xib */,
			);
			name = Message;
			sourceTree = "<group>";
		};
		317A67051AECBE21004F85BB /* Profile */ = {
			isa = PBXGroup;
			children = (
				317A67121AECC079004F85BB /* ProfileViewController.h */,
				317A67131AECC079004F85BB /* ProfileViewController.m */,
				317A67141AECC079004F85BB /* ProfileViewController.xib */,
			);
			name = Profile;
			sourceTree = "<group>";
		};
		317A67061AECBE3F004F85BB /* Discover */ = {
			isa = PBXGroup;
			children = (
				317A67171AECC245004F85BB /* DiscoverViewController.h */,
				317A67181AECC245004F85BB /* DiscoverViewController.m */,
				317A67191AECC245004F85BB /* DiscoverViewController.xib */,
			);
			name = Discover;
			sourceTree = "<group>";
		};
		317A67071AECBE4E004F85BB /* More */ = {
			isa = PBXGroup;
			children = (
				317A671C1AECC28B004F85BB /* MoreViewController.h */,
				317A671D1AECC28B004F85BB /* MoreViewController.m */,
				317A671E1AECC28B004F85BB /* MoreViewController.xib */,
				E6BBCE7A1AF9E6D400257329 /* ThemeViewController.h */,
				E6BBCE7B1AF9E6D400257329 /* ThemeViewController.m */,
				E6BBCE7C1AF9E6D400257329 /* ThemeViewController.xib */,
			);
			name = More;
			sourceTree = "<group>";
		};
		E62B2D971B04484300E5322E /* RegexKitLite */ = {
			isa = PBXGroup;
			children = (
				E62B2D981B04484300E5322E /* RegexKitLite.h */,
				E62B2D991B04484300E5322E /* RegexKitLite.html */,
				E62B2D9A1B04484300E5322E /* RegexKitLite.m */,
			);
			path = RegexKitLite;
			sourceTree = "<group>";
		};
		E62B2DA51B08E4F800E5322E /* EGOTableViewPullRefresh */ = {
			isa = PBXGroup;
			children = (
				E62B2DA61B08E4F800E5322E /* blackArrow.png */,
				E62B2DA71B08E4F800E5322E /* blackArrow@2x.png */,
				E62B2DA81B08E4F800E5322E /* blueArrow.png */,
				E62B2DA91B08E4F800E5322E /* blueArrow@2x.png */,
				E62B2DAA1B08E4F800E5322E /* EGORefreshTableHeaderView.h */,
				E62B2DAB1B08E4F800E5322E /* EGORefreshTableHeaderView.m */,
				E62B2DAC1B08E4F800E5322E /* grayArrow.png */,
				E62B2DAD1B08E4F800E5322E /* grayArrow@2x.png */,
			);
			path = EGOTableViewPullRefresh;
			sourceTree = "<group>";
		};
		E62B2DC51B0AF0CA00E5322E /* MBProgressHUD */ = {
			isa = PBXGroup;
			children = (
				E62B2DC61B0AF0CA00E5322E /* 37x-Checkmark.png */,
				E62B2DC71B0AF0CA00E5322E /* MBProgressHUD.h */,
				E62B2DC81B0AF0CA00E5322E /* MBProgressHUD.m */,
			);
			path = MBProgressHUD;
			sourceTree = "<group>";
		};
		E665C3011AF39364002D8F20 /* libWeiboSDK */ = {
			isa = PBXGroup;
			children = (
				E665C3021AF39364002D8F20 /* libWeiboSDK.a */,
				E665C3031AF39364002D8F20 /* WBHttpRequest+WeiboShare.h */,
				E665C3041AF39364002D8F20 /* WBHttpRequest+WeiboToken.h */,
				E665C3051AF39364002D8F20 /* WBHttpRequest+WeiboUser.h */,
				E665C3061AF39364002D8F20 /* WBHttpRequest.h */,
				E665C3071AF39364002D8F20 /* WBSDKBasicButton.h */,
				E665C3081AF39365002D8F20 /* WBSDKCommentButton.h */,
				E665C3091AF39365002D8F20 /* WBSDKRelationshipButton.h */,
				E665C30A1AF39365002D8F20 /* WeiboSDK.bundle */,
				E665C30B1AF39365002D8F20 /* WeiboSDK.h */,
				E665C30C1AF39365002D8F20 /* WeiboUser.h */,
			);
			path = libWeiboSDK;
			sourceTree = "<group>";
		};
		E6BBCE711AF7D8AA00257329 /* thenmeManager */ = {
			isa = PBXGroup;
			children = (
				E6BBCE721AF7D8FB00257329 /* ThemeManager.h */,
				E6BBCE731AF7D8FB00257329 /* ThemeManager.m */,
				E6BBCE751AF7D95200257329 /* theme.plist */,
				E6BBCE771AF906F300257329 /* themeButton.h */,
				E6BBCE781AF906F300257329 /* themeButton.m */,
				E6BBCE811AFA605600257329 /* ThemeImageView.h */,
				E6BBCE821AFA605600257329 /* ThemeImageView.m */,
				E6BBCE841AFA64DE00257329 /* UIFactory.h */,
				E6BBCE851AFA64DE00257329 /* UIFactory.m */,
				E6BBCE871AFA802600257329 /* ThemeLable.h */,
				E6BBCE881AFA802600257329 /* ThemeLable.m */,
			);
			name = thenmeManager;
			sourceTree = "<group>";
		};
/* End PBXGroup section */

/* Begin PBXNativeTarget section */
		317A66931AEC8EB7004F85BB /* suuweibo */ = {
			isa = PBXNativeTarget;
			buildConfigurationList = 317A66B71AEC8EB7004F85BB /* Build configuration list for PBXNativeTarget "suuweibo" */;
			buildPhases = (
				317A66901AEC8EB7004F85BB /* Sources */,
				317A66911AEC8EB7004F85BB /* Frameworks */,
				317A66921AEC8EB7004F85BB /* Resources */,
			);
			buildRules = (
			);
			dependencies = (
			);
			name = suuweibo;
			productName = suuweibo;
			productReference = 317A66941AEC8EB7004F85BB /* suuweibo.app */;
			productType = "com.apple.product-type.application";
		};
		317A66AC1AEC8EB7004F85BB /* suuweiboTests */ = {
			isa = PBXNativeTarget;
			buildConfigurationList = 317A66BA1AEC8EB7004F85BB /* Build configuration list for PBXNativeTarget "suuweiboTests" */;
			buildPhases = (
				317A66A91AEC8EB7004F85BB /* Sources */,
				317A66AA1AEC8EB7004F85BB /* Frameworks */,
				317A66AB1AEC8EB7004F85BB /* Resources */,
			);
			buildRules = (
			);
			dependencies = (
				317A66AF1AEC8EB7004F85BB /* PBXTargetDependency */,
			);
			name = suuweiboTests;
			productName = suuweiboTests;
			productReference = 317A66AD1AEC8EB7004F85BB /* suuweiboTests.xctest */;
			productType = "com.apple.product-type.bundle.unit-test";
		};
/* End PBXNativeTarget section */

/* Begin PBXProject section */
		317A668C1AEC8EB7004F85BB /* Project object */ = {
			isa = PBXProject;
			attributes = {
				LastUpgradeCheck = 0630;
				ORGANIZATIONNAME = weihaoxu;
				TargetAttributes = {
					317A66931AEC8EB7004F85BB = {
						CreatedOnToolsVersion = 6.3;
						DevelopmentTeam = 69G8U5L6U4;
					};
					317A66AC1AEC8EB7004F85BB = {
						CreatedOnToolsVersion = 6.3;
						DevelopmentTeam = 69G8U5L6U4;
						TestTargetID = 317A66931AEC8EB7004F85BB;
					};
				};
			};
			buildConfigurationList = 317A668F1AEC8EB7004F85BB /* Build configuration list for PBXProject "suuweibo" */;
			compatibilityVersion = "Xcode 3.2";
			developmentRegion = English;
			hasScannedForEncodings = 0;
			knownRegions = (
				en,
				Base,
			);
			mainGroup = 317A668B1AEC8EB7004F85BB;
			productRefGroup = 317A66951AEC8EB7004F85BB /* Products */;
			projectDirPath = "";
			projectRoot = "";
			targets = (
				317A66931AEC8EB7004F85BB /* suuweibo */,
				317A66AC1AEC8EB7004F85BB /* suuweiboTests */,
			);
		};
/* End PBXProject section */

/* Begin PBXResourcesBuildPhase section */
		317A66921AEC8EB7004F85BB /* Resources */ = {
			isa = PBXResourcesBuildPhase;
			buildActionMask = 2147483647;
			files = (
				E6BBCE801AFA1DCB00257329 /* Skins in Resources */,
				E62B2D9B1B04484300E5322E /* RegexKitLite.html in Resources */,
				31BB9AB11AF5D0C700C30416 /* libWeiboSDK.a in Resources */,
				E62B2DB41B08E4F800E5322E /* grayArrow@2x.png in Resources */,
				317A66A51AEC8EB7004F85BB /* Images.xcassets in Resources */,
				E62B2DB31B08E4F800E5322E /* grayArrow.png in Resources */,
				110E6FAC1AF10B5D002DFFB7 /* LeftViewController.xib in Resources */,
				317A67201AECC28B004F85BB /* MoreViewController.xib in Resources */,
				E62B2DB11B08E4F800E5322E /* blueArrow@2x.png in Resources */,
				E62B2DCF1B0B276700E5322E /* DetailViewController.xib in Resources */,
				E62B2DB01B08E4F800E5322E /* blueArrow.png in Resources */,
				E62B2DAF1B08E4F800E5322E /* blackArrow@2x.png in Resources */,
				317A670C1AECBEFA004F85BB /* HomeViewController.xib in Resources */,
				E62B2DC91B0AF0CA00E5322E /* 37x-Checkmark.png in Resources */,
				E62B2DAE1B08E4F800E5322E /* blackArrow.png in Resources */,
				317A67161AECC079004F85BB /* ProfileViewController.xib in Resources */,
				E6BBCE7E1AF9E6D400257329 /* ThemeViewController.xib in Resources */,
				E6BBCE761AF7D95200257329 /* theme.plist in Resources */,
				E665C30E1AF39365002D8F20 /* WeiboSDK.bundle in Resources */,
				110E6FB11AF10C89002DFFB7 /* RightViewController.xib in Resources */,
				E62B2DC41B0A500E00E5322E /* msgcome.wav in Resources */,
				317A67111AECC015004F85BB /* MessageViewController.xib in Resources */,
				317A671B1AECC245004F85BB /* DiscoverViewController.xib in Resources */,
			);
			runOnlyForDeploymentPostprocessing = 0;
		};
		317A66AB1AEC8EB7004F85BB /* Resources */ = {
			isa = PBXResourcesBuildPhase;
			buildActionMask = 2147483647;
			files = (
			);
			runOnlyForDeploymentPostprocessing = 0;
		};
/* End PBXResourcesBuildPhase section */

/* Begin PBXSourcesBuildPhase section */
		317A66901AEC8EB7004F85BB /* Sources */ = {
			isa = PBXSourcesBuildPhase;
			buildActionMask = 2147483647;
			files = (
				E6BBCE861AFA64DE00257329 /* UIFactory.m in Sources */,
				317A669D1AEC8EB7004F85BB /* AppDelegate.m in Sources */,
				E6BBCE891AFA802600257329 /* ThemeLable.m in Sources */,
				317A66C61AEC9314004F85BB /* WXHLGlobalUICommon.m in Sources */,
				E6BBCE7D1AF9E6D400257329 /* ThemeViewController.m in Sources */,
				E6BBCE741AF7D8FB00257329 /* ThemeManager.m in Sources */,
				317A66E31AEC9479004F85BB /* SDWebImageDownloader.m in Sources */,
				E62B2D961B00754F00E5322E /* WeiboView.m in Sources */,
				317A66E61AEC9479004F85BB /* UIImageView+WebCache.m in Sources */,
				317A66CA1AEC9437004F85BB /* BaseModel.m in Sources */,
				110E6FB01AF10C89002DFFB7 /* RightViewController.m in Sources */,
				317A670B1AECBEFA004F85BB /* HomeViewController.m in Sources */,
				317A66C31AEC92D2004F85BB /* UIViewExt.m in Sources */,
				317A669A1AEC8EB7004F85BB /* main.m in Sources */,
				317A66D11AEC946E004F85BB /* DDMenuController.m in Sources */,
				317A671F1AECC28B004F85BB /* MoreViewController.m in Sources */,
				317A66C21AEC92D2004F85BB /* UIUtils.m in Sources */,
				E62B2DB71B08EA2700E5322E /* WeiboTableView.m in Sources */,
				110E6FAB1AF10B5D002DFFB7 /* LeftViewController.m in Sources */,
				E62B2DA11B07710100E5322E /* NSString+URLEncoding.m in Sources */,
				E6BBCE8C1AFB77BD00257329 /* WeiboModel.m in Sources */,
				317A67101AECC015004F85BB /* MessageViewController.m in Sources */,
				E62B2DA41B08E48F00E5322E /* BaseTableView.m in Sources */,
				317A66FF1AECBCEB004F85BB /* BaseViewController.m in Sources */,
				317A66E51AEC9479004F85BB /* UIButton+WebCache.m in Sources */,
				E62B2DC01B0A442B00E5322E /* SuuUitil.m in Sources */,
				E6BBCE791AF906F300257329 /* themeButton.m in Sources */,
				E6BBCE8F1AFB7AC400257329 /* UserModel.m in Sources */,
				317A67021AECBD7B004F85BB /* BaseNavigationController.m in Sources */,
				317A67151AECC079004F85BB /* ProfileViewController.m in Sources */,
				E62B2DB21B08E4F800E5322E /* EGORefreshTableHeaderView.m in Sources */,
				317A66E41AEC9479004F85BB /* SDWebImageManager.m in Sources */,
				317A671A1AECC245004F85BB /* DiscoverViewController.m in Sources */,
				E62B2D9C1B04484300E5322E /* RegexKitLite.m in Sources */,
				317A66D21AEC946E004F85BB /* RTLabel.m in Sources */,
				E6BBCE831AFA605600257329 /* ThemeImageView.m in Sources */,
				E62B2DCA1B0AF0CA00E5322E /* MBProgressHUD.m in Sources */,
				E62B2D931B00750D00E5322E /* WeiboCell.m in Sources */,
				317A66E21AEC9479004F85BB /* SDImageCache.m in Sources */,
				317A66FB1AECBB48004F85BB /* MainViewController.m in Sources */,
				317A66E91AEC94C4004F85BB /* CustomCatagory.m in Sources */,
				E62B2DCE1B0B276700E5322E /* DetailViewController.m in Sources */,
			);
			runOnlyForDeploymentPostprocessing = 0;
		};
		317A66A91AEC8EB7004F85BB /* Sources */ = {
			isa = PBXSourcesBuildPhase;
			buildActionMask = 2147483647;
			files = (
				317A66B41AEC8EB7004F85BB /* suuweiboTests.m in Sources */,
			);
			runOnlyForDeploymentPostprocessing = 0;
		};
/* End PBXSourcesBuildPhase section */

/* Begin PBXTargetDependency section */
		317A66AF1AEC8EB7004F85BB /* PBXTargetDependency */ = {
			isa = PBXTargetDependency;
			target = 317A66931AEC8EB7004F85BB /* suuweibo */;
			targetProxy = 317A66AE1AEC8EB7004F85BB /* PBXContainerItemProxy */;
		};
/* End PBXTargetDependency section */

/* Begin XCBuildConfiguration section */
		317A66B51AEC8EB7004F85BB /* Debug */ = {
			isa = XCBuildConfiguration;
			buildSettings = {
				ALWAYS_SEARCH_USER_PATHS = NO;
				CLANG_CXX_LANGUAGE_STANDARD = "gnu++0x";
				CLANG_CXX_LIBRARY = "libc++";
				CLANG_ENABLE_MODULES = YES;
				CLANG_ENABLE_OBJC_ARC = YES;
				CLANG_WARN_BOOL_CONVERSION = YES;
				CLANG_WARN_CONSTANT_CONVERSION = YES;
				CLANG_WARN_DIRECT_OBJC_ISA_USAGE = YES_ERROR;
				CLANG_WARN_EMPTY_BODY = YES;
				CLANG_WARN_ENUM_CONVERSION = YES;
				CLANG_WARN_INT_CONVERSION = YES;
				CLANG_WARN_OBJC_ROOT_CLASS = YES_ERROR;
				CLANG_WARN_UNREACHABLE_CODE = YES;
				CLANG_WARN__DUPLICATE_METHOD_MATCH = YES;
				"CODE_SIGN_IDENTITY[sdk=iphoneos*]" = "iPhone Developer";
				COPY_PHASE_STRIP = NO;
				DEBUG_INFORMATION_FORMAT = "dwarf-with-dsym";
				ENABLE_STRICT_OBJC_MSGSEND = YES;
				GCC_C_LANGUAGE_STANDARD = gnu99;
				GCC_DYNAMIC_NO_PIC = NO;
				GCC_NO_COMMON_BLOCKS = YES;
				GCC_OPTIMIZATION_LEVEL = 0;
				GCC_PREPROCESSOR_DEFINITIONS = (
					"DEBUG=1",
					"$(inherited)",
				);
				GCC_SYMBOLS_PRIVATE_EXTERN = NO;
				GCC_WARN_64_TO_32_BIT_CONVERSION = YES;
				GCC_WARN_ABOUT_RETURN_TYPE = YES_ERROR;
				GCC_WARN_UNDECLARED_SELECTOR = YES;
				GCC_WARN_UNINITIALIZED_AUTOS = YES_AGGRESSIVE;
				GCC_WARN_UNUSED_FUNCTION = YES;
				GCC_WARN_UNUSED_VARIABLE = YES;
				IPHONEOS_DEPLOYMENT_TARGET = 8.1;
				MTL_ENABLE_DEBUG_INFO = YES;
				ONLY_ACTIVE_ARCH = YES;
				PROVISIONING_PROFILE = "76807167-3e76-4002-baa9-acfefa0352b8";
				SDKROOT = iphoneos;
				TARGETED_DEVICE_FAMILY = "1,2";
			};
			name = Debug;
		};
		317A66B61AEC8EB7004F85BB /* Release */ = {
			isa = XCBuildConfiguration;
			buildSettings = {
				ALWAYS_SEARCH_USER_PATHS = NO;
				CLANG_CXX_LANGUAGE_STANDARD = "gnu++0x";
				CLANG_CXX_LIBRARY = "libc++";
				CLANG_ENABLE_MODULES = YES;
				CLANG_ENABLE_OBJC_ARC = YES;
				CLANG_WARN_BOOL_CONVERSION = YES;
				CLANG_WARN_CONSTANT_CONVERSION = YES;
				CLANG_WARN_DIRECT_OBJC_ISA_USAGE = YES_ERROR;
				CLANG_WARN_EMPTY_BODY = YES;
				CLANG_WARN_ENUM_CONVERSION = YES;
				CLANG_WARN_INT_CONVERSION = YES;
				CLANG_WARN_OBJC_ROOT_CLASS = YES_ERROR;
				CLANG_WARN_UNREACHABLE_CODE = YES;
				CLANG_WARN__DUPLICATE_METHOD_MATCH = YES;
				"CODE_SIGN_IDENTITY[sdk=iphoneos*]" = "iPhone Developer";
				COPY_PHASE_STRIP = NO;
				DEBUG_INFORMATION_FORMAT = "dwarf-with-dsym";
				ENABLE_NS_ASSERTIONS = NO;
				ENABLE_STRICT_OBJC_MSGSEND = YES;
				GCC_C_LANGUAGE_STANDARD = gnu99;
				GCC_NO_COMMON_BLOCKS = YES;
				GCC_WARN_64_TO_32_BIT_CONVERSION = YES;
				GCC_WARN_ABOUT_RETURN_TYPE = YES_ERROR;
				GCC_WARN_UNDECLARED_SELECTOR = YES;
				GCC_WARN_UNINITIALIZED_AUTOS = YES_AGGRESSIVE;
				GCC_WARN_UNUSED_FUNCTION = YES;
				GCC_WARN_UNUSED_VARIABLE = YES;
				IPHONEOS_DEPLOYMENT_TARGET = 8.1;
				MTL_ENABLE_DEBUG_INFO = NO;
				PROVISIONING_PROFILE = "76807167-3e76-4002-baa9-acfefa0352b8";
				SDKROOT = iphoneos;
				TARGETED_DEVICE_FAMILY = "1,2";
				VALIDATE_PRODUCT = YES;
			};
			name = Release;
		};
		317A66B81AEC8EB7004F85BB /* Debug */ = {
			isa = XCBuildConfiguration;
			buildSettings = {
				ASSETCATALOG_COMPILER_APPICON_NAME = AppIcon;
				CLANG_CXX_LANGUAGE_STANDARD = "compiler-default";
				CLANG_CXX_LIBRARY = "compiler-default";
				CODE_SIGN_IDENTITY = "iPhone Developer";
				"CODE_SIGN_IDENTITY[sdk=iphoneos*]" = "iPhone Developer";
				GCC_PREFIX_HEADER = suuweibo_prefix.pch;
				INFOPLIST_FILE = suuweibo/Info.plist;
				LD_RUNPATH_SEARCH_PATHS = "$(inherited) @executable_path/Frameworks";
				LIBRARY_SEARCH_PATHS = (
					"$(inherited)",
					"$(PROJECT_DIR)/suuweibo/libWeiboSDK/**",
				);
				OTHER_CODE_SIGN_FLAGS = "";
				OTHER_LDFLAGS = (
					"-fobjc-arc",
					"-all_load",
				);
				PRODUCT_NAME = "$(TARGET_NAME)";
				PROVISIONING_PROFILE = "";
				TARGETED_DEVICE_FAMILY = 1;
			};
			name = Debug;
		};
		317A66B91AEC8EB7004F85BB /* Release */ = {
			isa = XCBuildConfiguration;
			buildSettings = {
				ASSETCATALOG_COMPILER_APPICON_NAME = AppIcon;
				CLANG_CXX_LANGUAGE_STANDARD = "compiler-default";
				CLANG_CXX_LIBRARY = "compiler-default";
				CODE_SIGN_IDENTITY = "iPhone Developer";
				"CODE_SIGN_IDENTITY[sdk=iphoneos*]" = "iPhone Developer";
				GCC_PREFIX_HEADER = suuweibo_prefix.pch;
				INFOPLIST_FILE = suuweibo/Info.plist;
				LD_RUNPATH_SEARCH_PATHS = "$(inherited) @executable_path/Frameworks";
				LIBRARY_SEARCH_PATHS = (
					"$(inherited)",
					"$(PROJECT_DIR)/suuweibo/libWeiboSDK/**",
				);
				OTHER_CODE_SIGN_FLAGS = "";
				OTHER_LDFLAGS = (
					"-fobjc-arc",
					"-all_load",
				);
				PRODUCT_NAME = "$(TARGET_NAME)";
				PROVISIONING_PROFILE = "";
				TARGETED_DEVICE_FAMILY = 1;
			};
			name = Release;
		};
		317A66BB1AEC8EB7004F85BB /* Debug */ = {
			isa = XCBuildConfiguration;
			buildSettings = {
				BUNDLE_LOADER = "$(TEST_HOST)";
				CODE_SIGN_IDENTITY = "iPhone Developer";
				"CODE_SIGN_IDENTITY[sdk=iphoneos*]" = "iPhone Developer";
				FRAMEWORK_SEARCH_PATHS = (
					"$(SDKROOT)/Developer/Library/Frameworks",
					"$(inherited)",
				);
				GCC_PREPROCESSOR_DEFINITIONS = (
					"DEBUG=1",
					"$(inherited)",
				);
				INFOPLIST_FILE = suuweiboTests/Info.plist;
				LD_RUNPATH_SEARCH_PATHS = "$(inherited) @executable_path/Frameworks @loader_path/Frameworks";
				PRODUCT_NAME = "$(TARGET_NAME)";
				PROVISIONING_PROFILE = "";
				TEST_HOST = "$(BUILT_PRODUCTS_DIR)/suuweibo.app/suuweibo";
			};
			name = Debug;
		};
		317A66BC1AEC8EB7004F85BB /* Release */ = {
			isa = XCBuildConfiguration;
			buildSettings = {
				BUNDLE_LOADER = "$(TEST_HOST)";
				CODE_SIGN_IDENTITY = "iPhone Developer";
				"CODE_SIGN_IDENTITY[sdk=iphoneos*]" = "iPhone Developer";
				FRAMEWORK_SEARCH_PATHS = (
					"$(SDKROOT)/Developer/Library/Frameworks",
					"$(inherited)",
				);
				INFOPLIST_FILE = suuweiboTests/Info.plist;
				LD_RUNPATH_SEARCH_PATHS = "$(inherited) @executable_path/Frameworks @loader_path/Frameworks";
				PRODUCT_NAME = "$(TARGET_NAME)";
				PROVISIONING_PROFILE = "";
				TEST_HOST = "$(BUILT_PRODUCTS_DIR)/suuweibo.app/suuweibo";
			};
			name = Release;
		};
/* End XCBuildConfiguration section */

/* Begin XCConfigurationList section */
		317A668F1AEC8EB7004F85BB /* Build configuration list for PBXProject "suuweibo" */ = {
			isa = XCConfigurationList;
			buildConfigurations = (
				317A66B51AEC8EB7004F85BB /* Debug */,
				317A66B61AEC8EB7004F85BB /* Release */,
			);
			defaultConfigurationIsVisible = 0;
			defaultConfigurationName = Release;
		};
		317A66B71AEC8EB7004F85BB /* Build configuration list for PBXNativeTarget "suuweibo" */ = {
			isa = XCConfigurationList;
			buildConfigurations = (
				317A66B81AEC8EB7004F85BB /* Debug */,
				317A66B91AEC8EB7004F85BB /* Release */,
			);
			defaultConfigurationIsVisible = 0;
			defaultConfigurationName = Release;
		};
		317A66BA1AEC8EB7004F85BB /* Build configuration list for PBXNativeTarget "suuweiboTests" */ = {
			isa = XCConfigurationList;
			buildConfigurations = (
				317A66BB1AEC8EB7004F85BB /* Debug */,
				317A66BC1AEC8EB7004F85BB /* Release */,
			);
			defaultConfigurationIsVisible = 0;
			defaultConfigurationName = Release;
		};
/* End XCConfigurationList section */
	};
	rootObject = 317A668C1AEC8EB7004F85BB /* Project object */;
}
